
Microsoft Visual Studio Solution File, Format Version 12.00
# Visual Studio Version 17
VisualStudioVersion = 17.9.34714.143
MinimumVisualStudioVersion = 10.0.40219.1
Project("{FAE04EC0-301F-11D3-BF4B-00C04F79EFBC}") = "OneStopStudentSystem", "OneStopStudentSystem.csproj", "{D98E71CD-C487-492C-BFF9-E2E7FDF307CF}"
EndProject
Global
	GlobalSection(SolutionConfigurationPlatforms) = preSolution
		Debug|Any CPU = Debug|Any CPU
		Release|Any CPU = Release|Any CPU
	EndGlobalSection
	GlobalSection(ProjectConfigurationPlatforms) = postSolution
		{D98E71CD-C487-492C-BFF9-E2E7FDF307CF}.Debug|Any CPU.ActiveCfg = Debug|Any CPU
		{D98E71CD-C487-492C-BFF9-E2E7FDF307CF}.Debug|Any CPU.Build.0 = Debug|Any CPU
		{D98E71CD-C487-492C-BFF9-E2E7FDF307CF}.Release|Any CPU.ActiveCfg = Release|Any CPU
		{D98E71CD-C487-492C-BFF9-E2E7FDF307CF}.Release|Any CPU.Build.0 = Release|Any CPU
	EndGlobalSection
	GlobalSection(SolutionProperties) = preSolution
		HideSolutionNode = FALSE
	EndGlobalSection
	GlobalSection(ExtensibilityGlobals) = postSolution
		SolutionGuid = {CDF09884-13B7-40BE-ABAD-576ADF11FDA0}
	EndGlobalSection
EndGlobal
